
Microsoft Visual Studio Solution File, Format Version 12.00
# Visual Studio Version 17
VisualStudioVersion = 17.13.35828.75 d17.13
MinimumVisualStudioVersion = 10.0.40219.1
Project("{8BC9CEB8-8B4A-11D0-8D11-00A0C91BC942}") = "Functions4", "Functions4\Functions4.vcxproj", "{85A1DA78-4248-43B3-8587-719928CC61E9}"
EndProject
Global
	GlobalSection(SolutionConfigurationPlatforms) = preSolution
		Debug|x64 = Debug|x64
		Debug|x86 = Debug|x86
		Release|x64 = Release|x64
		Release|x86 = Release|x86
	EndGlobalSection
	GlobalSection(ProjectConfigurationPlatforms) = postSolution
		{85A1DA78-4248-43B3-8587-719928CC61E9}.Debug|x64.ActiveCfg = Debug|x64
		{85A1DA78-4248-43B3-8587-719928CC61E9}.Debug|x64.Build.0 = Debug|x64
		{85A1DA78-4248-43B3-8587-719928CC61E9}.Debug|x86.ActiveCfg = Debug|Win32
		{85A1DA78-4248-43B3-8587-719928CC61E9}.Debug|x86.Build.0 = Debug|Win32
		{85A1DA78-4248-43B3-8587-719928CC61E9}.Release|x64.ActiveCfg = Release|x64
		{85A1DA78-4248-43B3-8587-719928CC61E9}.Release|x64.Build.0 = Release|x64
		{85A1DA78-4248-43B3-8587-719928CC61E9}.Release|x86.ActiveCfg = Release|Win32
		{85A1DA78-4248-43B3-8587-719928CC61E9}.Release|x86.Build.0 = Release|Win32
	EndGlobalSection
	GlobalSection(SolutionProperties) = preSolution
		HideSolutionNode = FALSE
	EndGlobalSection
	GlobalSection(ExtensibilityGlobals) = postSolution
		SolutionGuid = {EBD56E53-557A-4C1B-9E6D-3A491E6A95FF}
	EndGlobalSection
EndGlobal
